// !$*UTF8*$!
{
	archiveVersion = 1;
	classes = {
	};
	objectVersion = 46;
	objects = {

/* Begin PBXBuildFile section */
		BA90C1EF1DC1FF8E00CB58A1 /* main.m in Sources */ = {isa = PBXBuildFile; fileRef = BA90C1EE1DC1FF8E00CB58A1 /* main.m */; };
/* End PBXBuildFile section */

/* Begin PBXCopyFilesBuildPhase section */
		BA90C1E91DC1FF8E00CB58A1 /* CopyFiles */ = {
			isa = PBXCopyFilesBuildPhase;
			buildActionMask = 2147483647;
			dstPath = /usr/share/man/man1/;
			dstSubfolderSpec = 0;
			files = (
			);
			runOnlyForDeploymentPostprocessing = 1;
		};
/* End PBXCopyFilesBuildPhase section */

/* Begin PBXFileReference section */
		BA90C1EB1DC1FF8E00CB58A1 /* 从ObjC Runtime源码分析一个对象创建的过程 */ = {isa = PBXFileReference; explicitFileType = "compiled.mach-o.executable"; includeInIndex = 0; path = "从ObjC Runtime源码分析一个对象创建的过程"; sourceTree = BUILT_PRODUCTS_DIR; };
		BA90C1EE1DC1FF8E00CB58A1 /* main.m */ = {isa = PBXFileReference; lastKnownFileType = sourcecode.c.objc; path = main.m; sourceTree = "<group>"; };
/* End PBXFileReference section */

/* Begin PBXFrameworksBuildPhase section */
		BA90C1E81DC1FF8E00CB58A1 /* Frameworks */ = {
			isa = PBXFrameworksBuildPhase;
			buildActionMask = 2147483647;
			files = (
			);
			runOnlyForDeploymentPostprocessing = 0;
		};
/* End PBXFrameworksBuildPhase section */

/* Begin PBXGroup section */
		BA90C1E21DC1FF8E00CB58A1 = {
			isa = PBXGroup;
			children = (
				BA90C1ED1DC1FF8E00CB58A1 /* 从ObjC Runtime源码分析一个对象创建的过程 */,
				BA90C1EC1DC1FF8E00CB58A1 /* Products */,
			);
			sourceTree = "<group>";
		};
		BA90C1EC1DC1FF8E00CB58A1 /* Products */ = {
			isa = PBXGroup;
			children = (
				BA90C1EB1DC1FF8E00CB58A1 /* 从ObjC Runtime源码分析一个对象创建的过程 */,
			);
			name = Products;
			sourceTree = "<group>";
		};
		BA90C1ED1DC1FF8E00CB58A1 /* 从ObjC Runtime源码分析一个对象创建的过程 */ = {
			isa = PBXGroup;
			children = (
				BA90C1EE1DC1FF8E00CB58A1 /* main.m */,
			);
			path = "从ObjC Runtime源码分析一个对象创建的过程";
			sourceTree = "<group>";
		};
/* End PBXGroup section */

/* Begin PBXNativeTarget section */
		BA90C1EA1DC1FF8E00CB58A1 /* 从ObjC Runtime源码分析一个对象创建的过程 */ = {
			isa = PBXNativeTarget;
			buildConfigurationList = BA90C1F21DC1FF8E00CB58A1 /* Build configuration list for PBXNativeTarget "从ObjC Runtime源码分析一个对象创建的过程" */;
			buildPhases = (
				BA90C1E71DC1FF8E00CB58A1 /* Sources */,
				BA90C1E81DC1FF8E00CB58A1 /* Frameworks */,
				BA90C1E91DC1FF8E00CB58A1 /* CopyFiles */,
			);
			buildRules = (
			);
			dependencies = (
			);
			name = "从ObjC Runtime源码分析一个对象创建的过程";
			productName = "从ObjC Runtime源码分析一个对象创建的过程";
			productReference = BA90C1EB1DC1FF8E00CB58A1 /* 从ObjC Runtime源码分析一个对象创建的过程 */;
			productType = "com.apple.product-type.tool";
		};
/* End PBXNativeTarget section */

/* Begin PBXProject section */
		BA90C1E31DC1FF8E00CB58A1 /* Project object */ = {
			isa = PBXProject;
			attributes = {
				LastUpgradeCheck = 0800;
				ORGANIZATIONNAME = zhenghongfeng;
				TargetAttributes = {
					BA90C1EA1DC1FF8E00CB58A1 = {
						CreatedOnToolsVersion = 8.0;
						ProvisioningStyle = Automatic;
					};
				};
			};
			buildConfigurationList = BA90C1E61DC1FF8E00CB58A1 /* Build configuration list for PBXProject "从ObjC Runtime源码分析一个对象创建的过程" */;
			compatibilityVersion = "Xcode 3.2";
			developmentRegion = English;
			hasScannedForEncodings = 0;
			knownRegions = (
				en,
			);
			mainGroup = BA90C1E21DC1FF8E00CB58A1;
			productRefGroup = BA90C1EC1DC1FF8E00CB58A1 /* Products */;
			projectDirPath = "";
			projectRoot = "";
			targets = (
				BA90C1EA1DC1FF8E00CB58A1 /* 从ObjC Runtime源码分析一个对象创建的过程 */,
			);
		};
/* End PBXProject section */

/* Begin PBXSourcesBuildPhase section */
		BA90C1E71DC1FF8E00CB58A1 /* Sources */ = {
			isa = PBXSourcesBuildPhase;
			buildActionMask = 2147483647;
			files = (
				BA90C1EF1DC1FF8E00CB58A1 /* main.m in Sources */,
			);
			runOnlyForDeploymentPostprocessing = 0;
		};
/* End PBXSourcesBuildPhase section */

/* Begin XCBuildConfiguration section */
		BA90C1F01DC1FF8E00CB58A1 /* Debug */ = {
			isa = XCBuildConfiguration;
			buildSettings = {
				ALWAYS_SEARCH_USER_PATHS = NO;
				CLANG_ANALYZER_NONNULL = YES;
				CLANG_CXX_LANGUAGE_STANDARD = "gnu++0x";
				CLANG_CXX_LIBRARY = "libc++";
				CLANG_ENABLE_MODULES = YES;
				CLANG_ENABLE_OBJC_ARC = YES;
				CLANG_WARN_BOOL_CONVERSION = YES;
				CLANG_WARN_CONSTANT_CONVERSION = YES;
				CLANG_WARN_DIRECT_OBJC_ISA_USAGE = YES_ERROR;
				CLANG_WARN_DOCUMENTATION_COMMENTS = YES;
				CLANG_WARN_EMPTY_BODY = YES;
				CLANG_WARN_ENUM_CONVERSION = YES;
				CLANG_WARN_INFINITE_RECURSION = YES;
				CLANG_WARN_INT_CONVERSION = YES;
				CLANG_WARN_OBJC_ROOT_CLASS = YES_ERROR;
				CLANG_WARN_SUSPICIOUS_MOVES = YES;
				CLANG_WARN_UNREACHABLE_CODE = YES;
				CLANG_WARN__DUPLICATE_METHOD_MATCH = YES;
				CODE_SIGN_IDENTITY = "-";
				COPY_PHASE_STRIP = NO;
				DEBUG_INFORMATION_FORMAT = dwarf;
				ENABLE_STRICT_OBJC_MSGSEND = YES;
				ENABLE_TESTABILITY = YES;
				GCC_C_LANGUAGE_STANDARD = gnu99;
				GCC_DYNAMIC_NO_PIC = NO;
				GCC_NO_COMMON_BLOCKS = YES;
				GCC_OPTIMIZATION_LEVEL = 0;
				GCC_PREPROCESSOR_DEFINITIONS = (
					"DEBUG=1",
					"$(inherited)",
				);
				GCC_WARN_64_TO_32_BIT_CONVERSION = YES;
				GCC_WARN_ABOUT_RETURN_TYPE = YES_ERROR;
				GCC_WARN_UNDECLARED_SELECTOR = YES;
				GCC_WARN_UNINITIALIZED_AUTOS = YES_AGGRESSIVE;
				GCC_WARN_UNUSED_FUNCTION = YES;
				GCC_WARN_UNUSED_VARIABLE = YES;
				MACOSX_DEPLOYMENT_TARGET = 10.11;
				MTL_ENABLE_DEBUG_INFO = YES;
				ONLY_ACTIVE_ARCH = YES;
				SDKROOT = macosx;
			};
			name = Debug;
		};
		BA90C1F11DC1FF8E00CB58A1 /* Release */ = {
			isa = XCBuildConfiguration;
			buildSettings = {
				ALWAYS_SEARCH_USER_PATHS = NO;
				CLANG_ANALYZER_NONNULL = YES;
				CLANG_CXX_LANGUAGE_STANDARD = "gnu++0x";
				CLANG_CXX_LIBRARY = "libc++";
				CLANG_ENABLE_MODULES = YES;
				CLANG_ENABLE_OBJC_ARC = YES;
				CLANG_WARN_BOOL_CONVERSION = YES;
				CLANG_WARN_CONSTANT_CONVERSION = YES;
				CLANG_WARN_DIRECT_OBJC_ISA_USAGE = YES_ERROR;
				CLANG_WARN_DOCUMENTATION_COMMENTS = YES;
				CLANG_WARN_EMPTY_BODY = YES;
				CLANG_WARN_ENUM_CONVERSION = YES;
				CLANG_WARN_INFINITE_RECURSION = YES;
				CLANG_WARN_INT_CONVERSION = YES;
				CLANG_WARN_OBJC_ROOT_CLASS = YES_ERROR;
				CLANG_WARN_SUSPICIOUS_MOVES = YES;
				CLANG_WARN_UNREACHABLE_CODE = YES;
				CLANG_WARN__DUPLICATE_METHOD_MATCH = YES;
				CODE_SIGN_IDENTITY = "-";
				COPY_PHASE_STRIP = NO;
				DEBUG_INFORMATION_FORMAT = "dwarf-with-dsym";
				ENABLE_NS_ASSERTIONS = NO;
				ENABLE_STRICT_OBJC_MSGSEND = YES;
				GCC_C_LANGUAGE_STANDARD = gnu99;
				GCC_NO_COMMON_BLOCKS = YES;
				GCC_WARN_64_TO_32_BIT_CONVERSION = YES;
				GCC_WARN_ABOUT_RETURN_TYPE = YES_ERROR;
				GCC_WARN_UNDECLARED_SELECTOR = YES;
				GCC_WARN_UNINITIALIZED_AUTOS = YES_AGGRESSIVE;
				GCC_WARN_UNUSED_FUNCTION = YES;
				GCC_WARN_UNUSED_VARIABLE = YES;
				MACOSX_DEPLOYMENT_TARGET = 10.11;
				MTL_ENABLE_DEBUG_INFO = NO;
				SDKROOT = macosx;
			};
			name = Release;
		};
		BA90C1F31DC1FF8E00CB58A1 /* Debug */ = {
			isa = XCBuildConfiguration;
			buildSettings = {
				CLANG_ENABLE_OBJC_ARC = NO;
				PRODUCT_NAME = "$(TARGET_NAME)";
			};
			name = Debug;
		};
		BA90C1F41DC1FF8E00CB58A1 /* Release */ = {
			isa = XCBuildConfiguration;
			buildSettings = {
				CLANG_ENABLE_OBJC_ARC = NO;
				PRODUCT_NAME = "$(TARGET_NAME)";
			};
			name = Release;
		};
/* End XCBuildConfiguration section */

/* Begin XCConfigurationList section */
		BA90C1E61DC1FF8E00CB58A1 /* Build configuration list for PBXProject "从ObjC Runtime源码分析一个对象创建的过程" */ = {
			isa = XCConfigurationList;
			buildConfigurations = (
				BA90C1F01DC1FF8E00CB58A1 /* Debug */,
				BA90C1F11DC1FF8E00CB58A1 /* Release */,
			);
			defaultConfigurationIsVisible = 0;
			defaultConfigurationName = Release;
		};
		BA90C1F21DC1FF8E00CB58A1 /* Build configuration list for PBXNativeTarget "从ObjC Runtime源码分析一个对象创建的过程" */ = {
			isa = XCConfigurationList;
			buildConfigurations = (
				BA90C1F31DC1FF8E00CB58A1 /* Debug */,
				BA90C1F41DC1FF8E00CB58A1 /* Release */,
			);
			defaultConfigurationIsVisible = 0;
		};
/* End XCConfigurationList section */
	};
	rootObject = BA90C1E31DC1FF8E00CB58A1 /* Project object */;
}
